
Microsoft Visual Studio Solution File, Format Version 12.00
# Visual Studio 15
VisualStudioVersion = 15.0.27428.2005
MinimumVisualStudioVersion = 10.0.40219.1
Project("{FAE04EC0-301F-11D3-BF4B-00C04F79EFBC}") = "Models", "Models\Models.csproj", "{B1E227CA-4ACF-4258-8E5C-997429E9C328}"
EndProject
Project("{FAE04EC0-301F-11D3-BF4B-00C04F79EFBC}") = "Service", "Service\Service.csproj", "{756E0855-B955-4076-BB06-174628E21B99}"
EndProject
Global
	GlobalSection(SolutionConfigurationPlatforms) = preSolution
		Debug|Any CPU = Debug|Any CPU
		Release|Any CPU = Release|Any CPU
	EndGlobalSection
	GlobalSection(ProjectConfigurationPlatforms) = postSolution
		{B1E227CA-4ACF-4258-8E5C-997429E9C328}.Debug|Any CPU.ActiveCfg = Debug|Any CPU
		{B1E227CA-4ACF-4258-8E5C-997429E9C328}.Debug|Any CPU.Build.0 = Debug|Any CPU
		{B1E227CA-4ACF-4258-8E5C-997429E9C328}.Release|Any CPU.ActiveCfg = Release|Any CPU
		{B1E227CA-4ACF-4258-8E5C-997429E9C328}.Release|Any CPU.Build.0 = Release|Any CPU
		{756E0855-B955-4076-BB06-174628E21B99}.Debug|Any CPU.ActiveCfg = Debug|Any CPU
		{756E0855-B955-4076-BB06-174628E21B99}.Debug|Any CPU.Build.0 = Debug|Any CPU
		{756E0855-B955-4076-BB06-174628E21B99}.Release|Any CPU.ActiveCfg = Release|Any CPU
		{756E0855-B955-4076-BB06-174628E21B99}.Release|Any CPU.Build.0 = Release|Any CPU
	EndGlobalSection
	GlobalSection(SolutionProperties) = preSolution
		HideSolutionNode = FALSE
	EndGlobalSection
	GlobalSection(ExtensibilityGlobals) = postSolution
		SolutionGuid = {C724F4B2-7FD8-48BA-9D8A-6D84F1D4B814}
	EndGlobalSection
EndGlobal
